{
  "version": 4,
  "terraform_version": "1.1.2",
  "serial": 157,
  "lineage": "5058aca7-3024-cd31-5939-28142a67f185",
  "outputs": {
    "Linux_domain_names": {
      "value": [
        "terrafrom-u-vm1.canadaeast.cloudapp.azure.com"
      ],
      "type": [
        "tuple",
        [
          "string"
        ]
      ]
    },
    "Linux_hostname": {
      "value": [
        [
          "terrafrom-u-vm1"
        ]
      ],
      "type": [
        "tuple",
        [
          [
            "tuple",
            [
              "string"
            ]
          ]
        ]
      ]
    },
    "Linux_private_ip_addresses": {
      "value": [
        "10.0.0.4"
      ],
      "type": [
        "tuple",
        [
          "string"
        ]
      ]
    },
    "Linux_public_ip_addresses": {
      "value": [
        [
          [
            "40.86.253.234"
          ]
        ]
      ],
      "type": [
        "tuple",
        [
          [
            "tuple",
            [
              [
                "list",
                "string"
              ]
            ]
          ]
        ]
      ]
    },
    "Subnet1": {
      "value": {
        "address_prefix": "10.0.0.0/24",
        "address_prefixes": [
          "10.0.0.0/24"
        ],
        "delegation": [],
        "enforce_private_link_endpoint_network_policies": false,
        "enforce_private_link_service_network_policies": false,
        "id": "/subscriptions/18821dae-fb44-44a1-805a-e1edd2ef9b06/resourceGroups/rg2/providers/Microsoft.Network/virtualNetworks/vnet-prd/subnets/subnet-prd",
        "name": "subnet-prd",
        "resource_group_name": "rg2",
        "service_endpoint_policy_ids": null,
        "service_endpoints": null,
        "timeouts": null,
        "virtual_network_name": "vnet-prd"
      },
      "type": [
        "object",
        {
          "address_prefix": "string",
          "address_prefixes": [
            "list",
            "string"
          ],
          "delegation": [
            "list",
            [
              "object",
              {
                "name": "string",
                "service_delegation": [
                  "list",
                  [
                    "object",
                    {
                      "actions": [
                        "list",
                        "string"
                      ],
                      "name": "string"
                    }
                  ]
                ]
              }
            ]
          ],
          "enforce_private_link_endpoint_network_policies": "bool",
          "enforce_private_link_service_network_policies": "bool",
          "id": "string",
          "name": "string",
          "resource_group_name": "string",
          "service_endpoint_policy_ids": [
            "set",
            "string"
          ],
          "service_endpoints": [
            "list",
            "string"
          ],
          "timeouts": [
            "object",
            {
              "create": "string",
              "delete": "string",
              "read": "string",
              "update": "string"
            }
          ],
          "virtual_network_name": "string"
        }
      ]
    },
    "Subnet2": {
      "value": {
        "address_prefix": "10.0.1.0/24",
        "address_prefixes": [
          "10.0.1.0/24"
        ],
        "delegation": [],
        "enforce_private_link_endpoint_network_policies": false,
        "enforce_private_link_service_network_policies": false,
        "id": "/subscriptions/18821dae-fb44-44a1-805a-e1edd2ef9b06/resourceGroups/rg2/providers/Microsoft.Network/virtualNetworks/vnet-prd/subnets/subnet-prd2",
        "name": "subnet-prd2",
        "resource_group_name": "rg2",
        "service_endpoint_policy_ids": null,
        "service_endpoints": null,
        "timeouts": null,
        "virtual_network_name": "vnet-prd"
      },
      "type": [
        "object",
        {
          "address_prefix": "string",
          "address_prefixes": [
            "list",
            "string"
          ],
          "delegation": [
            "list",
            [
              "object",
              {
                "name": "string",
                "service_delegation": [
                  "list",
                  [
                    "object",
                    {
                      "actions": [
                        "list",
                        "string"
                      ],
                      "name": "string"
                    }
                  ]
                ]
              }
            ]
          ],
          "enforce_private_link_endpoint_network_policies": "bool",
          "enforce_private_link_service_network_policies": "bool",
          "id": "string",
          "name": "string",
          "resource_group_name": "string",
          "service_endpoint_policy_ids": [
            "set",
            "string"
          ],
          "service_endpoints": [
            "list",
            "string"
          ],
          "timeouts": [
            "object",
            {
              "create": "string",
              "delete": "string",
              "read": "string",
              "update": "string"
            }
          ],
          "virtual_network_name": "string"
        }
      ]
    },
    "Virtual_network_name": {
      "value": {
        "address_space": [
          "10.0.0.0/16"
        ],
        "bgp_community": "",
        "ddos_protection_plan": [],
        "dns_servers": [],
        "flow_timeout_in_minutes": 0,
        "guid": "3e3a6e76-5035-4a58-9f7d-cfe25afdb119",
        "id": "/subscriptions/18821dae-fb44-44a1-805a-e1edd2ef9b06/resourceGroups/rg2/providers/Microsoft.Network/virtualNetworks/vnet-prd",
        "location": "canadaeast",
        "name": "vnet-prd",
        "resource_group_name": "rg2",
        "subnet": [],
        "tags": null,
        "timeouts": null,
        "vm_protection_enabled": false
      },
      "type": [
        "object",
        {
          "address_space": [
            "list",
            "string"
          ],
          "bgp_community": "string",
          "ddos_protection_plan": [
            "list",
            [
              "object",
              {
                "enable": "bool",
                "id": "string"
              }
            ]
          ],
          "dns_servers": [
            "list",
            "string"
          ],
          "flow_timeout_in_minutes": "number",
          "guid": "string",
          "id": "string",
          "location": "string",
          "name": "string",
          "resource_group_name": "string",
          "subnet": [
            "set",
            [
              "object",
              {
                "address_prefix": "string",
                "id": "string",
                "name": "string",
                "security_group": "string"
              }
            ]
          ],
          "tags": [
            "map",
            "string"
          ],
          "timeouts": [
            "object",
            {
              "create": "string",
              "delete": "string",
              "read": "string",
              "update": "string"
            }
          ],
          "vm_protection_enabled": "bool"
        }
      ]
    },
    "windows_hostname": {
      "value": [
        "terrafrom-w-vm1",
        "terrafrom-w-vm2"
      ],
      "type": [
        "tuple",
        [
          "string",
          "string"
        ]
      ]
    },
    "windows_private_ip_addresses": {
      "value": [
        "10.0.1.4",
        "10.0.1.5"
      ],
      "type": [
        "tuple",
        [
          "string",
          "string"
        ]
      ]
    },
    "windows_public_ip_addresses": {
      "value": [
        [
          "40.86.253.129"
        ],
        [
          "40.86.253.52"
        ]
      ],
      "type": [
        "tuple",
        [
          [
            "list",
            "string"
          ],
          [
            "list",
            "string"
          ]
        ]
      ]
    }
  },
  "resources": [
    {
      "module": "module.linux",
      "mode": "managed",
      "type": "azurerm_availability_set",
      "name": "linux_avs",
      "provider": "provider[\"registry.terraform.io/hashicorp/azurerm\"]",
      "instances": [
        {
          "schema_version": 0,
          "attributes": {
            "id": "/subscriptions/18821dae-fb44-44a1-805a-e1edd2ef9b06/resourceGroups/rg2/providers/Microsoft.Compute/availabilitySets/linux-avs",
            "location": "canadaeast",
            "managed": true,
            "name": "linux-avs",
            "platform_fault_domain_count": 2,
            "platform_update_domain_count": 5,
            "proximity_placement_group_id": null,
            "resource_group_name": "rg2",
            "tags": null,
            "timeouts": null
          },
          "sensitive_attributes": [],
          "private": "eyJlMmJmYjczMC1lY2FhLTExZTYtOGY4OC0zNDM2M2JjN2M0YzAiOnsiY3JlYXRlIjoxODAwMDAwMDAwMDAwLCJkZWxldGUiOjE4MDAwMDAwMDAwMDAsInJlYWQiOjMwMDAwMDAwMDAwMCwidXBkYXRlIjoxODAwMDAwMDAwMDAwfX0=",
          "dependencies": [
            "module.network.azurerm_network_security_group.nsg",
            "module.network.azurerm_network_security_group.nsg2",
            "module.network.azurerm_subnet.subnet",
            "module.network.azurerm_subnet.subnet2",
            "module.network.azurerm_subnet_network_security_group_association.subnet_association",
            "module.network.azurerm_subnet_network_security_group_association.subnet_association2",
            "module.network.azurerm_virtual_network.vnet",
            "module.resource_group.azurerm_resource_group.linux_rg2",
            "module.resource_group.azurerm_resource_group.rg2",
            "module.resource_group.azurerm_resource_group.win_rg2"
          ]
        }
      ]
    },
    {
      "module": "module.linux",
      "mode": "managed",
      "type": "azurerm_linux_virtual_machine",
      "name": "vmlinux",
      "provider": "provider[\"registry.terraform.io/hashicorp/azurerm\"]",
      "instances": [
        {
          "index_key": 0,
          "schema_version": 0,
          "attributes": {
            "additional_capabilities": [],
            "admin_password": null,
            "admin_ssh_key": [
              {
                "public_key": "ssh-rsa AAAAB3NzaC1yc2EAAAADAQABAAABgQDEPzl/tq8YsqFxD83K9leU5Pca6duxqLi8DVjWc2sMDt7W/73BTlQDdWsGRDge7kvHH23PzQlDXnD8WMbAR7PTA8yqNs837FIjQIAXW0xlPIy1+3mEaIRXMHfp4n+oykjHzHjukG8qFPt5aE4oj92mtfMu/VDINjr56WzDvIgTlY5UuXQO5lkTpnYQVzAaBrtK9A3akQ92+ez+YMlRv3Dw8Ztx+4trim3suwBYfesR4UzqizLXIRC2K33t/Ixv0WUwwTW6pf9WPYLhRRQxMX/4he6ll0srTI0Np32qWOs+uuDPmr6ztc/Y5bSY355tQ3WEm03S8Nk1ppeu5MI0r8xUDEIorwI2vOHKXHRpDxHMerwtUmWxZF7KkNnkZfaCdbaCd5LGXOedIuMZvD1PY+jCXqNbJoTIhrGqQz01r2kVvZWlNpe+6wPNf5Q9ac4CBJNI9S+GzRShb03oiMt9I6TxMlX0aXZW0vemYmjUDlGdqkUlAh/l5ICEXzc8Y2iLT9s= n01516507@N01516507-vm1\n",
                "username": "n01516507"
              }
            ],
            "admin_username": "n01516507",
            "allow_extension_operations": true,
            "availability_set_id": "/subscriptions/18821dae-fb44-44a1-805a-e1edd2ef9b06/resourceGroups/rg2/providers/Microsoft.Compute/availabilitySets/LINUX-AVS",
            "boot_diagnostics": [],
            "computer_name": "terrafrom-u-vm1",
            "custom_data": null,
            "dedicated_host_id": "",
            "disable_password_authentication": true,
            "encryption_at_host_enabled": false,
            "eviction_policy": "",
            "extensions_time_budget": "PT1H30M",
            "id": "/subscriptions/18821dae-fb44-44a1-805a-e1edd2ef9b06/resourceGroups/rg2/providers/Microsoft.Compute/virtualMachines/terrafrom-u-vm1",
            "identity": [],
            "license_type": "",
            "location": "canadaeast",
            "max_bid_price": -1,
            "name": "terrafrom-u-vm1",
            "network_interface_ids": [
              "/subscriptions/18821dae-fb44-44a1-805a-e1edd2ef9b06/resourceGroups/rg2/providers/Microsoft.Network/networkInterfaces/terrafrom-u-vm-nic1"
            ],
            "os_disk": [
              {
                "caching": "ReadWrite",
                "diff_disk_settings": [],
                "disk_encryption_set_id": "",
                "disk_size_gb": 32,
                "name": "terrafrom-u-vm-os-disk1",
                "storage_account_type": "Premium_LRS",
                "write_accelerator_enabled": false
              }
            ],
            "patch_mode": "ImageDefault",
            "plan": [],
            "platform_fault_domain": -1,
            "priority": "Regular",
            "private_ip_address": "10.0.0.4",
            "private_ip_addresses": [
              "10.0.0.4"
            ],
            "provision_vm_agent": true,
            "proximity_placement_group_id": "",
            "public_ip_address": "40.86.253.234",
            "public_ip_addresses": [
              "40.86.253.234"
            ],
            "resource_group_name": "rg2",
            "secret": [],
            "secure_boot_enabled": false,
            "size": "Standard_B1s",
            "source_image_id": "",
            "source_image_reference": [
              {
                "offer": "UbuntuServer",
                "publisher": "Canonical",
                "sku": "19.04",
                "version": "latest"
              }
            ],
            "tags": {
              "ContactEmail": "n01516507@humber.ca",
              "Environment": "Lab",
              "Name": "Terraform-Class",
              "project": "Learing"
            },
            "timeouts": null,
            "user_data": "",
            "virtual_machine_id": "04a0e3c2-ecca-4cc3-aa2b-eb682072db76",
            "virtual_machine_scale_set_id": "",
            "vtpm_enabled": false,
            "zone": ""
          },
          "sensitive_attributes": [],
          "private": "eyJlMmJmYjczMC1lY2FhLTExZTYtOGY4OC0zNDM2M2JjN2M0YzAiOnsiY3JlYXRlIjoyNzAwMDAwMDAwMDAwLCJkZWxldGUiOjI3MDAwMDAwMDAwMDAsInJlYWQiOjMwMDAwMDAwMDAwMCwidXBkYXRlIjoyNzAwMDAwMDAwMDAwfX0=",
          "dependencies": [
            "module.linux.azurerm_availability_set.linux_avs",
            "module.linux.azurerm_network_interface.linux_nic",
            "module.linux.azurerm_public_ip.linux_pip",
            "module.network.azurerm_network_security_group.nsg",
            "module.network.azurerm_network_security_group.nsg2",
            "module.network.azurerm_subnet.subnet",
            "module.network.azurerm_subnet.subnet2",
            "module.network.azurerm_subnet_network_security_group_association.subnet_association",
            "module.network.azurerm_subnet_network_security_group_association.subnet_association2",
            "module.network.azurerm_virtual_network.vnet",
            "module.resource_group.azurerm_resource_group.linux_rg2",
            "module.resource_group.azurerm_resource_group.rg2",
            "module.resource_group.azurerm_resource_group.win_rg2"
          ]
        }
      ]
    },
    {
      "module": "module.linux",
      "mode": "managed",
      "type": "azurerm_network_interface",
      "name": "linux_nic",
      "provider": "provider[\"registry.terraform.io/hashicorp/azurerm\"]",
      "instances": [
        {
          "index_key": 0,
          "schema_version": 0,
          "attributes": {
            "applied_dns_servers": [],
            "dns_servers": [],
            "enable_accelerated_networking": false,
            "enable_ip_forwarding": false,
            "id": "/subscriptions/18821dae-fb44-44a1-805a-e1edd2ef9b06/resourceGroups/rg2/providers/Microsoft.Network/networkInterfaces/terrafrom-u-vm-nic1",
            "internal_dns_name_label": "",
            "internal_domain_name_suffix": "ozxduprvkbmevh13z5rfv5nrdb.vx.internal.cloudapp.net",
            "ip_configuration": [
              {
                "gateway_load_balancer_frontend_ip_configuration_id": "",
                "name": "terrafrom-u-vm-ipconfig11",
                "primary": true,
                "private_ip_address": "10.0.0.4",
                "private_ip_address_allocation": "Dynamic",
                "private_ip_address_version": "IPv4",
                "public_ip_address_id": "/subscriptions/18821dae-fb44-44a1-805a-e1edd2ef9b06/resourceGroups/rg2/providers/Microsoft.Network/publicIPAddresses/terrafrom-u-vm-pip1",
                "subnet_id": "/subscriptions/18821dae-fb44-44a1-805a-e1edd2ef9b06/resourceGroups/rg2/providers/Microsoft.Network/virtualNetworks/vnet-prd/subnets/subnet-prd"
              }
            ],
            "location": "canadaeast",
            "mac_address": "",
            "name": "terrafrom-u-vm-nic1",
            "private_ip_address": "10.0.0.4",
            "private_ip_addresses": [
              "10.0.0.4"
            ],
            "resource_group_name": "rg2",
            "tags": {
              "ContactEmail": "n01516507@humber.ca",
              "Environment": "Lab",
              "Name": "Terraform-Class",
              "project": "Learing"
            },
            "timeouts": null,
            "virtual_machine_id": ""
          },
          "sensitive_attributes": [],
          "private": "eyJlMmJmYjczMC1lY2FhLTExZTYtOGY4OC0zNDM2M2JjN2M0YzAiOnsiY3JlYXRlIjoxODAwMDAwMDAwMDAwLCJkZWxldGUiOjE4MDAwMDAwMDAwMDAsInJlYWQiOjMwMDAwMDAwMDAwMCwidXBkYXRlIjoxODAwMDAwMDAwMDAwfX0=",
          "dependencies": [
            "module.linux.azurerm_public_ip.linux_pip",
            "module.network.azurerm_network_security_group.nsg",
            "module.network.azurerm_network_security_group.nsg2",
            "module.network.azurerm_subnet.subnet",
            "module.network.azurerm_subnet.subnet2",
            "module.network.azurerm_subnet_network_security_group_association.subnet_association",
            "module.network.azurerm_subnet_network_security_group_association.subnet_association2",
            "module.network.azurerm_virtual_network.vnet",
            "module.resource_group.azurerm_resource_group.linux_rg2",
            "module.resource_group.azurerm_resource_group.rg2",
            "module.resource_group.azurerm_resource_group.win_rg2"
          ]
        }
      ]
    },
    {
      "module": "module.linux",
      "mode": "managed",
      "type": "azurerm_public_ip",
      "name": "linux_pip",
      "provider": "provider[\"registry.terraform.io/hashicorp/azurerm\"]",
      "instances": [
        {
          "index_key": 0,
          "schema_version": 0,
          "attributes": {
            "allocation_method": "Dynamic",
            "availability_zone": "No-Zone",
            "domain_name_label": "terrafrom-u-vm1",
            "fqdn": "terrafrom-u-vm1.canadaeast.cloudapp.azure.com",
            "id": "/subscriptions/18821dae-fb44-44a1-805a-e1edd2ef9b06/resourceGroups/rg2/providers/Microsoft.Network/publicIPAddresses/terrafrom-u-vm-pip1",
            "idle_timeout_in_minutes": 4,
            "ip_address": "",
            "ip_tags": null,
            "ip_version": "IPv4",
            "location": "canadaeast",
            "name": "terrafrom-u-vm-pip1",
            "public_ip_prefix_id": null,
            "resource_group_name": "rg2",
            "reverse_fqdn": "",
            "sku": "Basic",
            "sku_tier": "Regional",
            "tags": {
              "ContactEmail": "n01516507@humber.ca",
              "Environment": "Lab",
              "Name": "Terraform-Class",
              "project": "Learing"
            },
            "timeouts": null,
            "zones": []
          },
          "sensitive_attributes": [],
          "private": "eyJlMmJmYjczMC1lY2FhLTExZTYtOGY4OC0zNDM2M2JjN2M0YzAiOnsiY3JlYXRlIjoxODAwMDAwMDAwMDAwLCJkZWxldGUiOjE4MDAwMDAwMDAwMDAsInJlYWQiOjMwMDAwMDAwMDAwMCwidXBkYXRlIjoxODAwMDAwMDAwMDAwfX0=",
          "dependencies": [
            "module.network.azurerm_network_security_group.nsg",
            "module.network.azurerm_network_security_group.nsg2",
            "module.network.azurerm_subnet.subnet",
            "module.network.azurerm_subnet.subnet2",
            "module.network.azurerm_subnet_network_security_group_association.subnet_association",
            "module.network.azurerm_subnet_network_security_group_association.subnet_association2",
            "module.network.azurerm_virtual_network.vnet",
            "module.resource_group.azurerm_resource_group.linux_rg2",
            "module.resource_group.azurerm_resource_group.rg2",
            "module.resource_group.azurerm_resource_group.win_rg2"
          ]
        }
      ]
    },
    {
      "module": "module.linux",
      "mode": "managed",
      "type": "null_resource",
      "name": "linux_provisioner",
      "provider": "provider[\"registry.terraform.io/hashicorp/null\"]",
      "instances": [
        {
          "index_key": 0,
          "schema_version": 0,
          "attributes": {
            "id": "9051225198788417300",
            "triggers": null
          },
          "sensitive_attributes": [],
          "private": "bnVsbA==",
          "dependencies": [
            "module.linux.azurerm_availability_set.linux_avs",
            "module.linux.azurerm_linux_virtual_machine.vmlinux",
            "module.linux.azurerm_network_interface.linux_nic",
            "module.linux.azurerm_public_ip.linux_pip",
            "module.network.azurerm_network_security_group.nsg",
            "module.network.azurerm_network_security_group.nsg2",
            "module.network.azurerm_subnet.subnet",
            "module.network.azurerm_subnet.subnet2",
            "module.network.azurerm_subnet_network_security_group_association.subnet_association",
            "module.network.azurerm_subnet_network_security_group_association.subnet_association2",
            "module.network.azurerm_virtual_network.vnet",
            "module.resource_group.azurerm_resource_group.linux_rg2",
            "module.resource_group.azurerm_resource_group.rg2",
            "module.resource_group.azurerm_resource_group.win_rg2"
          ]
        }
      ]
    },
    {
      "module": "module.network",
      "mode": "managed",
      "type": "azurerm_network_security_group",
      "name": "nsg",
      "provider": "provider[\"registry.terraform.io/hashicorp/azurerm\"]",
      "instances": [
        {
          "schema_version": 0,
          "attributes": {
            "id": "/subscriptions/18821dae-fb44-44a1-805a-e1edd2ef9b06/resourceGroups/rg2/providers/Microsoft.Network/networkSecurityGroups/nsg-prd",
            "location": "canadaeast",
            "name": "nsg-prd",
            "resource_group_name": "rg2",
            "security_rule": [
              {
                "access": "Allow",
                "description": "",
                "destination_address_prefix": "*",
                "destination_address_prefixes": [],
                "destination_application_security_group_ids": [],
                "destination_port_range": "22",
                "destination_port_ranges": [],
                "direction": "inbound",
                "name": "rule1",
                "priority": 100,
                "protocol": "Tcp",
                "source_address_prefix": "*",
                "source_address_prefixes": [],
                "source_application_security_group_ids": [],
                "source_port_range": "*",
                "source_port_ranges": []
              }
            ],
            "tags": null,
            "timeouts": null
          },
          "sensitive_attributes": [],
          "private": "eyJlMmJmYjczMC1lY2FhLTExZTYtOGY4OC0zNDM2M2JjN2M0YzAiOnsiY3JlYXRlIjoxODAwMDAwMDAwMDAwLCJkZWxldGUiOjE4MDAwMDAwMDAwMDAsInJlYWQiOjMwMDAwMDAwMDAwMCwidXBkYXRlIjoxODAwMDAwMDAwMDAwfX0=",
          "dependencies": [
            "module.resource_group.azurerm_resource_group.linux_rg2",
            "module.resource_group.azurerm_resource_group.rg2",
            "module.resource_group.azurerm_resource_group.win_rg2"
          ]
        }
      ]
    },
    {
      "module": "module.network",
      "mode": "managed",
      "type": "azurerm_network_security_group",
      "name": "nsg2",
      "provider": "provider[\"registry.terraform.io/hashicorp/azurerm\"]",
      "instances": [
        {
          "schema_version": 0,
          "attributes": {
            "id": "/subscriptions/18821dae-fb44-44a1-805a-e1edd2ef9b06/resourceGroups/rg2/providers/Microsoft.Network/networkSecurityGroups/nsg-prd2",
            "location": "canadaeast",
            "name": "nsg-prd2",
            "resource_group_name": "rg2",
            "security_rule": [
              {
                "access": "Allow",
                "description": "",
                "destination_address_prefix": "*",
                "destination_address_prefixes": [],
                "destination_application_security_group_ids": [],
                "destination_port_range": "3389",
                "destination_port_ranges": [],
                "direction": "inbound",
                "name": "rule1",
                "priority": 100,
                "protocol": "Tcp",
                "source_address_prefix": "*",
                "source_address_prefixes": [],
                "source_application_security_group_ids": [],
                "source_port_range": "*",
                "source_port_ranges": []
              },
              {
                "access": "Allow",
                "description": "",
                "destination_address_prefix": "*",
                "destination_address_prefixes": [],
                "destination_application_security_group_ids": [],
                "destination_port_range": "5985",
                "destination_port_ranges": [],
                "direction": "inbound",
                "name": "rule2",
                "priority": 200,
                "protocol": "Tcp",
                "source_address_prefix": "*",
                "source_address_prefixes": [],
                "source_application_security_group_ids": [],
                "source_port_range": "*",
                "source_port_ranges": []
              }
            ],
            "tags": null,
            "timeouts": null
          },
          "sensitive_attributes": [],
          "private": "eyJlMmJmYjczMC1lY2FhLTExZTYtOGY4OC0zNDM2M2JjN2M0YzAiOnsiY3JlYXRlIjoxODAwMDAwMDAwMDAwLCJkZWxldGUiOjE4MDAwMDAwMDAwMDAsInJlYWQiOjMwMDAwMDAwMDAwMCwidXBkYXRlIjoxODAwMDAwMDAwMDAwfX0=",
          "dependencies": [
            "module.resource_group.azurerm_resource_group.linux_rg2",
            "module.resource_group.azurerm_resource_group.rg2",
            "module.resource_group.azurerm_resource_group.win_rg2"
          ]
        }
      ]
    },
    {
      "module": "module.network",
      "mode": "managed",
      "type": "azurerm_subnet",
      "name": "subnet",
      "provider": "provider[\"registry.terraform.io/hashicorp/azurerm\"]",
      "instances": [
        {
          "schema_version": 0,
          "attributes": {
            "address_prefix": "10.0.0.0/24",
            "address_prefixes": [
              "10.0.0.0/24"
            ],
            "delegation": [],
            "enforce_private_link_endpoint_network_policies": false,
            "enforce_private_link_service_network_policies": false,
            "id": "/subscriptions/18821dae-fb44-44a1-805a-e1edd2ef9b06/resourceGroups/rg2/providers/Microsoft.Network/virtualNetworks/vnet-prd/subnets/subnet-prd",
            "name": "subnet-prd",
            "resource_group_name": "rg2",
            "service_endpoint_policy_ids": null,
            "service_endpoints": null,
            "timeouts": null,
            "virtual_network_name": "vnet-prd"
          },
          "sensitive_attributes": [],
          "private": "eyJlMmJmYjczMC1lY2FhLTExZTYtOGY4OC0zNDM2M2JjN2M0YzAiOnsiY3JlYXRlIjoxODAwMDAwMDAwMDAwLCJkZWxldGUiOjE4MDAwMDAwMDAwMDAsInJlYWQiOjMwMDAwMDAwMDAwMCwidXBkYXRlIjoxODAwMDAwMDAwMDAwfX0=",
          "dependencies": [
            "module.network.azurerm_virtual_network.vnet",
            "module.resource_group.azurerm_resource_group.linux_rg2",
            "module.resource_group.azurerm_resource_group.rg2",
            "module.resource_group.azurerm_resource_group.win_rg2"
          ]
        }
      ]
    },
    {
      "module": "module.network",
      "mode": "managed",
      "type": "azurerm_subnet",
      "name": "subnet2",
      "provider": "provider[\"registry.terraform.io/hashicorp/azurerm\"]",
      "instances": [
        {
          "schema_version": 0,
          "attributes": {
            "address_prefix": "10.0.1.0/24",
            "address_prefixes": [
              "10.0.1.0/24"
            ],
            "delegation": [],
            "enforce_private_link_endpoint_network_policies": false,
            "enforce_private_link_service_network_policies": false,
            "id": "/subscriptions/18821dae-fb44-44a1-805a-e1edd2ef9b06/resourceGroups/rg2/providers/Microsoft.Network/virtualNetworks/vnet-prd/subnets/subnet-prd2",
            "name": "subnet-prd2",
            "resource_group_name": "rg2",
            "service_endpoint_policy_ids": null,
            "service_endpoints": null,
            "timeouts": null,
            "virtual_network_name": "vnet-prd"
          },
          "sensitive_attributes": [],
          "private": "eyJlMmJmYjczMC1lY2FhLTExZTYtOGY4OC0zNDM2M2JjN2M0YzAiOnsiY3JlYXRlIjoxODAwMDAwMDAwMDAwLCJkZWxldGUiOjE4MDAwMDAwMDAwMDAsInJlYWQiOjMwMDAwMDAwMDAwMCwidXBkYXRlIjoxODAwMDAwMDAwMDAwfX0=",
          "dependencies": [
            "module.network.azurerm_virtual_network.vnet",
            "module.resource_group.azurerm_resource_group.linux_rg2",
            "module.resource_group.azurerm_resource_group.rg2",
            "module.resource_group.azurerm_resource_group.win_rg2"
          ]
        }
      ]
    },
    {
      "module": "module.network",
      "mode": "managed",
      "type": "azurerm_subnet_network_security_group_association",
      "name": "subnet_association",
      "provider": "provider[\"registry.terraform.io/hashicorp/azurerm\"]",
      "instances": [
        {
          "schema_version": 0,
          "attributes": {
            "id": "/subscriptions/18821dae-fb44-44a1-805a-e1edd2ef9b06/resourceGroups/rg2/providers/Microsoft.Network/virtualNetworks/vnet-prd/subnets/subnet-prd",
            "network_security_group_id": "/subscriptions/18821dae-fb44-44a1-805a-e1edd2ef9b06/resourceGroups/rg2/providers/Microsoft.Network/networkSecurityGroups/nsg-prd",
            "subnet_id": "/subscriptions/18821dae-fb44-44a1-805a-e1edd2ef9b06/resourceGroups/rg2/providers/Microsoft.Network/virtualNetworks/vnet-prd/subnets/subnet-prd",
            "timeouts": null
          },
          "sensitive_attributes": [],
          "private": "eyJlMmJmYjczMC1lY2FhLTExZTYtOGY4OC0zNDM2M2JjN2M0YzAiOnsiY3JlYXRlIjoxODAwMDAwMDAwMDAwLCJkZWxldGUiOjE4MDAwMDAwMDAwMDAsInJlYWQiOjMwMDAwMDAwMDAwMCwidXBkYXRlIjoxODAwMDAwMDAwMDAwfX0=",
          "dependencies": [
            "module.network.azurerm_network_security_group.nsg",
            "module.network.azurerm_subnet.subnet",
            "module.network.azurerm_virtual_network.vnet",
            "module.resource_group.azurerm_resource_group.linux_rg2",
            "module.resource_group.azurerm_resource_group.rg2",
            "module.resource_group.azurerm_resource_group.win_rg2"
          ]
        }
      ]
    },
    {
      "module": "module.network",
      "mode": "managed",
      "type": "azurerm_subnet_network_security_group_association",
      "name": "subnet_association2",
      "provider": "provider[\"registry.terraform.io/hashicorp/azurerm\"]",
      "instances": [
        {
          "schema_version": 0,
          "attributes": {
            "id": "/subscriptions/18821dae-fb44-44a1-805a-e1edd2ef9b06/resourceGroups/rg2/providers/Microsoft.Network/virtualNetworks/vnet-prd/subnets/subnet-prd2",
            "network_security_group_id": "/subscriptions/18821dae-fb44-44a1-805a-e1edd2ef9b06/resourceGroups/rg2/providers/Microsoft.Network/networkSecurityGroups/nsg-prd2",
            "subnet_id": "/subscriptions/18821dae-fb44-44a1-805a-e1edd2ef9b06/resourceGroups/rg2/providers/Microsoft.Network/virtualNetworks/vnet-prd/subnets/subnet-prd2",
            "timeouts": null
          },
          "sensitive_attributes": [],
          "private": "eyJlMmJmYjczMC1lY2FhLTExZTYtOGY4OC0zNDM2M2JjN2M0YzAiOnsiY3JlYXRlIjoxODAwMDAwMDAwMDAwLCJkZWxldGUiOjE4MDAwMDAwMDAwMDAsInJlYWQiOjMwMDAwMDAwMDAwMCwidXBkYXRlIjoxODAwMDAwMDAwMDAwfX0=",
          "dependencies": [
            "module.network.azurerm_network_security_group.nsg2",
            "module.network.azurerm_subnet.subnet2",
            "module.network.azurerm_virtual_network.vnet",
            "module.resource_group.azurerm_resource_group.linux_rg2",
            "module.resource_group.azurerm_resource_group.rg2",
            "module.resource_group.azurerm_resource_group.win_rg2"
          ]
        }
      ]
    },
    {
      "module": "module.network",
      "mode": "managed",
      "type": "azurerm_virtual_network",
      "name": "vnet",
      "provider": "provider[\"registry.terraform.io/hashicorp/azurerm\"]",
      "instances": [
        {
          "schema_version": 0,
          "attributes": {
            "address_space": [
              "10.0.0.0/16"
            ],
            "bgp_community": "",
            "ddos_protection_plan": [],
            "dns_servers": [],
            "flow_timeout_in_minutes": 0,
            "guid": "3e3a6e76-5035-4a58-9f7d-cfe25afdb119",
            "id": "/subscriptions/18821dae-fb44-44a1-805a-e1edd2ef9b06/resourceGroups/rg2/providers/Microsoft.Network/virtualNetworks/vnet-prd",
            "location": "canadaeast",
            "name": "vnet-prd",
            "resource_group_name": "rg2",
            "subnet": [],
            "tags": null,
            "timeouts": null,
            "vm_protection_enabled": false
          },
          "sensitive_attributes": [],
          "private": "eyJlMmJmYjczMC1lY2FhLTExZTYtOGY4OC0zNDM2M2JjN2M0YzAiOnsiY3JlYXRlIjoxODAwMDAwMDAwMDAwLCJkZWxldGUiOjE4MDAwMDAwMDAwMDAsInJlYWQiOjMwMDAwMDAwMDAwMCwidXBkYXRlIjoxODAwMDAwMDAwMDAwfX0=",
          "dependencies": [
            "module.resource_group.azurerm_resource_group.linux_rg2",
            "module.resource_group.azurerm_resource_group.rg2",
            "module.resource_group.azurerm_resource_group.win_rg2"
          ]
        }
      ]
    },
    {
      "module": "module.resource_group",
      "mode": "managed",
      "type": "azurerm_resource_group",
      "name": "linux_rg2",
      "provider": "provider[\"registry.terraform.io/hashicorp/azurerm\"]",
      "instances": [
        {
          "schema_version": 0,
          "attributes": {
            "id": "/subscriptions/18821dae-fb44-44a1-805a-e1edd2ef9b06/resourceGroups/rg2",
            "location": "canadaeast",
            "name": "rg2",
            "tags": null,
            "timeouts": null
          },
          "sensitive_attributes": [],
          "private": "eyJlMmJmYjczMC1lY2FhLTExZTYtOGY4OC0zNDM2M2JjN2M0YzAiOnsiY3JlYXRlIjo1NDAwMDAwMDAwMDAwLCJkZWxldGUiOjU0MDAwMDAwMDAwMDAsInJlYWQiOjMwMDAwMDAwMDAwMCwidXBkYXRlIjo1NDAwMDAwMDAwMDAwfX0="
        }
      ]
    },
    {
      "module": "module.resource_group",
      "mode": "managed",
      "type": "azurerm_resource_group",
      "name": "rg2",
      "provider": "provider[\"registry.terraform.io/hashicorp/azurerm\"]",
      "instances": [
        {
          "schema_version": 0,
          "attributes": {
            "id": "/subscriptions/18821dae-fb44-44a1-805a-e1edd2ef9b06/resourceGroups/rg2",
            "location": "canadaeast",
            "name": "rg2",
            "tags": null,
            "timeouts": null
          },
          "sensitive_attributes": [],
          "private": "eyJlMmJmYjczMC1lY2FhLTExZTYtOGY4OC0zNDM2M2JjN2M0YzAiOnsiY3JlYXRlIjo1NDAwMDAwMDAwMDAwLCJkZWxldGUiOjU0MDAwMDAwMDAwMDAsInJlYWQiOjMwMDAwMDAwMDAwMCwidXBkYXRlIjo1NDAwMDAwMDAwMDAwfX0="
        }
      ]
    },
    {
      "module": "module.resource_group",
      "mode": "managed",
      "type": "azurerm_resource_group",
      "name": "win_rg2",
      "provider": "provider[\"registry.terraform.io/hashicorp/azurerm\"]",
      "instances": [
        {
          "schema_version": 0,
          "attributes": {
            "id": "/subscriptions/18821dae-fb44-44a1-805a-e1edd2ef9b06/resourceGroups/rg2",
            "location": "canadaeast",
            "name": "rg2",
            "tags": null,
            "timeouts": null
          },
          "sensitive_attributes": [],
          "private": "eyJlMmJmYjczMC1lY2FhLTExZTYtOGY4OC0zNDM2M2JjN2M0YzAiOnsiY3JlYXRlIjo1NDAwMDAwMDAwMDAwLCJkZWxldGUiOjU0MDAwMDAwMDAwMDAsInJlYWQiOjMwMDAwMDAwMDAwMCwidXBkYXRlIjo1NDAwMDAwMDAwMDAwfX0="
        }
      ]
    },
    {
      "module": "module.windows",
      "mode": "managed",
      "type": "azurerm_availability_set",
      "name": "windows_avs",
      "provider": "provider[\"registry.terraform.io/hashicorp/azurerm\"]",
      "instances": [
        {
          "schema_version": 0,
          "attributes": {
            "id": "/subscriptions/18821dae-fb44-44a1-805a-e1edd2ef9b06/resourceGroups/rg2/providers/Microsoft.Compute/availabilitySets/windows-avs",
            "location": "canadaeast",
            "managed": true,
            "name": "windows-avs",
            "platform_fault_domain_count": 2,
            "platform_update_domain_count": 5,
            "proximity_placement_group_id": null,
            "resource_group_name": "rg2",
            "tags": null,
            "timeouts": null
          },
          "sensitive_attributes": [],
          "private": "eyJlMmJmYjczMC1lY2FhLTExZTYtOGY4OC0zNDM2M2JjN2M0YzAiOnsiY3JlYXRlIjoxODAwMDAwMDAwMDAwLCJkZWxldGUiOjE4MDAwMDAwMDAwMDAsInJlYWQiOjMwMDAwMDAwMDAwMCwidXBkYXRlIjoxODAwMDAwMDAwMDAwfX0=",
          "dependencies": [
            "module.network.azurerm_network_security_group.nsg",
            "module.network.azurerm_network_security_group.nsg2",
            "module.network.azurerm_subnet.subnet",
            "module.network.azurerm_subnet.subnet2",
            "module.network.azurerm_subnet_network_security_group_association.subnet_association",
            "module.network.azurerm_subnet_network_security_group_association.subnet_association2",
            "module.network.azurerm_virtual_network.vnet",
            "module.resource_group.azurerm_resource_group.linux_rg2",
            "module.resource_group.azurerm_resource_group.rg2",
            "module.resource_group.azurerm_resource_group.win_rg2"
          ]
        }
      ]
    },
    {
      "module": "module.windows",
      "mode": "managed",
      "type": "azurerm_network_interface",
      "name": "windows_nic",
      "provider": "provider[\"registry.terraform.io/hashicorp/azurerm\"]",
      "instances": [
        {
          "index_key": "terrafrom-w-vm1",
          "schema_version": 0,
          "attributes": {
            "applied_dns_servers": [],
            "dns_servers": [],
            "enable_accelerated_networking": false,
            "enable_ip_forwarding": false,
            "id": "/subscriptions/18821dae-fb44-44a1-805a-e1edd2ef9b06/resourceGroups/rg2/providers/Microsoft.Network/networkInterfaces/terrafrom-w-vm1-nic",
            "internal_dns_name_label": "",
            "internal_domain_name_suffix": "ozxduprvkbmevh13z5rfv5nrdb.vx.internal.cloudapp.net",
            "ip_configuration": [
              {
                "gateway_load_balancer_frontend_ip_configuration_id": "",
                "name": "terrafrom-w-vm1-ipconfig1",
                "primary": true,
                "private_ip_address": "10.0.1.4",
                "private_ip_address_allocation": "Dynamic",
                "private_ip_address_version": "IPv4",
                "public_ip_address_id": "/subscriptions/18821dae-fb44-44a1-805a-e1edd2ef9b06/resourceGroups/rg2/providers/Microsoft.Network/publicIPAddresses/terrafrom-w-vm1-pip",
                "subnet_id": "/subscriptions/18821dae-fb44-44a1-805a-e1edd2ef9b06/resourceGroups/rg2/providers/Microsoft.Network/virtualNetworks/vnet-prd/subnets/subnet-prd2"
              }
            ],
            "location": "canadaeast",
            "mac_address": "",
            "name": "terrafrom-w-vm1-nic",
            "private_ip_address": "10.0.1.4",
            "private_ip_addresses": [
              "10.0.1.4"
            ],
            "resource_group_name": "rg2",
            "tags": {
              "ContactEmail": "n01516507@humber.ca",
              "Environment": "Lab",
              "Name": "Terraform-Class",
              "project": "Learing"
            },
            "timeouts": null,
            "virtual_machine_id": ""
          },
          "sensitive_attributes": [],
          "private": "eyJlMmJmYjczMC1lY2FhLTExZTYtOGY4OC0zNDM2M2JjN2M0YzAiOnsiY3JlYXRlIjoxODAwMDAwMDAwMDAwLCJkZWxldGUiOjE4MDAwMDAwMDAwMDAsInJlYWQiOjMwMDAwMDAwMDAwMCwidXBkYXRlIjoxODAwMDAwMDAwMDAwfX0=",
          "dependencies": [
            "module.network.azurerm_network_security_group.nsg",
            "module.network.azurerm_network_security_group.nsg2",
            "module.network.azurerm_subnet.subnet",
            "module.network.azurerm_subnet.subnet2",
            "module.network.azurerm_subnet_network_security_group_association.subnet_association",
            "module.network.azurerm_subnet_network_security_group_association.subnet_association2",
            "module.network.azurerm_virtual_network.vnet",
            "module.resource_group.azurerm_resource_group.linux_rg2",
            "module.resource_group.azurerm_resource_group.rg2",
            "module.resource_group.azurerm_resource_group.win_rg2",
            "module.windows.azurerm_public_ip.windows_pip"
          ]
        },
        {
          "index_key": "terrafrom-w-vm2",
          "schema_version": 0,
          "attributes": {
            "applied_dns_servers": [],
            "dns_servers": [],
            "enable_accelerated_networking": false,
            "enable_ip_forwarding": false,
            "id": "/subscriptions/18821dae-fb44-44a1-805a-e1edd2ef9b06/resourceGroups/rg2/providers/Microsoft.Network/networkInterfaces/terrafrom-w-vm2-nic",
            "internal_dns_name_label": "",
            "internal_domain_name_suffix": "ozxduprvkbmevh13z5rfv5nrdb.vx.internal.cloudapp.net",
            "ip_configuration": [
              {
                "gateway_load_balancer_frontend_ip_configuration_id": "",
                "name": "terrafrom-w-vm2-ipconfig1",
                "primary": true,
                "private_ip_address": "10.0.1.5",
                "private_ip_address_allocation": "Dynamic",
                "private_ip_address_version": "IPv4",
                "public_ip_address_id": "/subscriptions/18821dae-fb44-44a1-805a-e1edd2ef9b06/resourceGroups/rg2/providers/Microsoft.Network/publicIPAddresses/terrafrom-w-vm2-pip",
                "subnet_id": "/subscriptions/18821dae-fb44-44a1-805a-e1edd2ef9b06/resourceGroups/rg2/providers/Microsoft.Network/virtualNetworks/vnet-prd/subnets/subnet-prd2"
              }
            ],
            "location": "canadaeast",
            "mac_address": "",
            "name": "terrafrom-w-vm2-nic",
            "private_ip_address": "10.0.1.5",
            "private_ip_addresses": [
              "10.0.1.5"
            ],
            "resource_group_name": "rg2",
            "tags": {
              "ContactEmail": "n01516507@humber.ca",
              "Environment": "Lab",
              "Name": "Terraform-Class",
              "project": "Learing"
            },
            "timeouts": null,
            "virtual_machine_id": ""
          },
          "sensitive_attributes": [],
          "private": "eyJlMmJmYjczMC1lY2FhLTExZTYtOGY4OC0zNDM2M2JjN2M0YzAiOnsiY3JlYXRlIjoxODAwMDAwMDAwMDAwLCJkZWxldGUiOjE4MDAwMDAwMDAwMDAsInJlYWQiOjMwMDAwMDAwMDAwMCwidXBkYXRlIjoxODAwMDAwMDAwMDAwfX0=",
          "dependencies": [
            "module.network.azurerm_network_security_group.nsg",
            "module.network.azurerm_network_security_group.nsg2",
            "module.network.azurerm_subnet.subnet",
            "module.network.azurerm_subnet.subnet2",
            "module.network.azurerm_subnet_network_security_group_association.subnet_association",
            "module.network.azurerm_subnet_network_security_group_association.subnet_association2",
            "module.network.azurerm_virtual_network.vnet",
            "module.resource_group.azurerm_resource_group.linux_rg2",
            "module.resource_group.azurerm_resource_group.rg2",
            "module.resource_group.azurerm_resource_group.win_rg2",
            "module.windows.azurerm_public_ip.windows_pip"
          ]
        }
      ]
    },
    {
      "module": "module.windows",
      "mode": "managed",
      "type": "azurerm_public_ip",
      "name": "windows_pip",
      "provider": "provider[\"registry.terraform.io/hashicorp/azurerm\"]",
      "instances": [
        {
          "index_key": "terrafrom-w-vm1",
          "schema_version": 0,
          "attributes": {
            "allocation_method": "Dynamic",
            "availability_zone": "No-Zone",
            "domain_name_label": null,
            "fqdn": null,
            "id": "/subscriptions/18821dae-fb44-44a1-805a-e1edd2ef9b06/resourceGroups/rg2/providers/Microsoft.Network/publicIPAddresses/terrafrom-w-vm1-pip",
            "idle_timeout_in_minutes": 4,
            "ip_address": "",
            "ip_tags": null,
            "ip_version": "IPv4",
            "location": "canadaeast",
            "name": "terrafrom-w-vm1-pip",
            "public_ip_prefix_id": null,
            "resource_group_name": "rg2",
            "reverse_fqdn": null,
            "sku": "Basic",
            "sku_tier": "Regional",
            "tags": {
              "ContactEmail": "n01516507@humber.ca",
              "Environment": "Lab",
              "Name": "Terraform-Class",
              "project": "Learing"
            },
            "timeouts": null,
            "zones": []
          },
          "sensitive_attributes": [],
          "private": "eyJlMmJmYjczMC1lY2FhLTExZTYtOGY4OC0zNDM2M2JjN2M0YzAiOnsiY3JlYXRlIjoxODAwMDAwMDAwMDAwLCJkZWxldGUiOjE4MDAwMDAwMDAwMDAsInJlYWQiOjMwMDAwMDAwMDAwMCwidXBkYXRlIjoxODAwMDAwMDAwMDAwfX0=",
          "dependencies": [
            "module.network.azurerm_network_security_group.nsg",
            "module.network.azurerm_network_security_group.nsg2",
            "module.network.azurerm_subnet.subnet",
            "module.network.azurerm_subnet.subnet2",
            "module.network.azurerm_subnet_network_security_group_association.subnet_association",
            "module.network.azurerm_subnet_network_security_group_association.subnet_association2",
            "module.network.azurerm_virtual_network.vnet",
            "module.resource_group.azurerm_resource_group.linux_rg2",
            "module.resource_group.azurerm_resource_group.rg2",
            "module.resource_group.azurerm_resource_group.win_rg2"
          ]
        },
        {
          "index_key": "terrafrom-w-vm2",
          "schema_version": 0,
          "attributes": {
            "allocation_method": "Dynamic",
            "availability_zone": "No-Zone",
            "domain_name_label": null,
            "fqdn": null,
            "id": "/subscriptions/18821dae-fb44-44a1-805a-e1edd2ef9b06/resourceGroups/rg2/providers/Microsoft.Network/publicIPAddresses/terrafrom-w-vm2-pip",
            "idle_timeout_in_minutes": 4,
            "ip_address": "",
            "ip_tags": null,
            "ip_version": "IPv4",
            "location": "canadaeast",
            "name": "terrafrom-w-vm2-pip",
            "public_ip_prefix_id": null,
            "resource_group_name": "rg2",
            "reverse_fqdn": null,
            "sku": "Basic",
            "sku_tier": "Regional",
            "tags": {
              "ContactEmail": "n01516507@humber.ca",
              "Environment": "Lab",
              "Name": "Terraform-Class",
              "project": "Learing"
            },
            "timeouts": null,
            "zones": []
          },
          "sensitive_attributes": [],
          "private": "eyJlMmJmYjczMC1lY2FhLTExZTYtOGY4OC0zNDM2M2JjN2M0YzAiOnsiY3JlYXRlIjoxODAwMDAwMDAwMDAwLCJkZWxldGUiOjE4MDAwMDAwMDAwMDAsInJlYWQiOjMwMDAwMDAwMDAwMCwidXBkYXRlIjoxODAwMDAwMDAwMDAwfX0=",
          "dependencies": [
            "module.network.azurerm_network_security_group.nsg",
            "module.network.azurerm_network_security_group.nsg2",
            "module.network.azurerm_subnet.subnet",
            "module.network.azurerm_subnet.subnet2",
            "module.network.azurerm_subnet_network_security_group_association.subnet_association",
            "module.network.azurerm_subnet_network_security_group_association.subnet_association2",
            "module.network.azurerm_virtual_network.vnet",
            "module.resource_group.azurerm_resource_group.linux_rg2",
            "module.resource_group.azurerm_resource_group.rg2",
            "module.resource_group.azurerm_resource_group.win_rg2"
          ]
        }
      ]
    },
    {
      "module": "module.windows",
      "mode": "managed",
      "type": "azurerm_windows_virtual_machine",
      "name": "vmWin",
      "provider": "provider[\"registry.terraform.io/hashicorp/azurerm\"]",
      "instances": [
        {
          "index_key": "terrafrom-w-vm1",
          "schema_version": 0,
          "attributes": {
            "additional_capabilities": [],
            "additional_unattend_content": [],
            "admin_password": "Password1010",
            "admin_username": "n01516507",
            "allow_extension_operations": true,
            "availability_set_id": "/subscriptions/18821dae-fb44-44a1-805a-e1edd2ef9b06/resourceGroups/rg2/providers/Microsoft.Compute/availabilitySets/WINDOWS-AVS",
            "boot_diagnostics": [],
            "computer_name": "terrafrom-w-vm1",
            "custom_data": null,
            "dedicated_host_id": "",
            "enable_automatic_updates": true,
            "encryption_at_host_enabled": false,
            "eviction_policy": "",
            "extensions_time_budget": "PT1H30M",
            "id": "/subscriptions/18821dae-fb44-44a1-805a-e1edd2ef9b06/resourceGroups/rg2/providers/Microsoft.Compute/virtualMachines/terrafrom-w-vm1",
            "identity": [],
            "license_type": "",
            "location": "canadaeast",
            "max_bid_price": -1,
            "name": "terrafrom-w-vm1",
            "network_interface_ids": [
              "/subscriptions/18821dae-fb44-44a1-805a-e1edd2ef9b06/resourceGroups/rg2/providers/Microsoft.Network/networkInterfaces/terrafrom-w-vm1-nic"
            ],
            "os_disk": [
              {
                "caching": "ReadWrite",
                "diff_disk_settings": [],
                "disk_encryption_set_id": "",
                "disk_size_gb": 127,
                "name": "terrafrom-w-vm1-os-disk",
                "storage_account_type": "StandardSSD_LRS",
                "write_accelerator_enabled": false
              }
            ],
            "patch_mode": "AutomaticByOS",
            "plan": [],
            "platform_fault_domain": -1,
            "priority": "Regular",
            "private_ip_address": "10.0.1.4",
            "private_ip_addresses": [
              "10.0.1.4"
            ],
            "provision_vm_agent": true,
            "proximity_placement_group_id": "",
            "public_ip_address": "40.86.253.129",
            "public_ip_addresses": [
              "40.86.253.129"
            ],
            "resource_group_name": "rg2",
            "secret": [],
            "secure_boot_enabled": false,
            "size": "Standard_B1s",
            "source_image_id": "",
            "source_image_reference": [
              {
                "offer": "WindowsServer",
                "publisher": "MicrosoftWindowsServer",
                "sku": "2016-Datacenter",
                "version": "latest"
              }
            ],
            "tags": {
              "ContactEmail": "n01516507@humber.ca",
              "Environment": "Lab",
              "Name": "Terraform-Class",
              "project": "Learing"
            },
            "timeouts": null,
            "timezone": "",
            "user_data": "",
            "virtual_machine_id": "9b2bde13-20d0-4790-a07c-27fb8d26ca40",
            "virtual_machine_scale_set_id": "",
            "vtpm_enabled": false,
            "winrm_listener": [
              {
                "certificate_url": "",
                "protocol": "Http"
              }
            ],
            "zone": ""
          },
          "sensitive_attributes": [],
          "private": "eyJlMmJmYjczMC1lY2FhLTExZTYtOGY4OC0zNDM2M2JjN2M0YzAiOnsiY3JlYXRlIjoyNzAwMDAwMDAwMDAwLCJkZWxldGUiOjI3MDAwMDAwMDAwMDAsInJlYWQiOjMwMDAwMDAwMDAwMCwidXBkYXRlIjoyNzAwMDAwMDAwMDAwfX0=",
          "dependencies": [
            "module.network.azurerm_network_security_group.nsg",
            "module.network.azurerm_network_security_group.nsg2",
            "module.network.azurerm_subnet.subnet",
            "module.network.azurerm_subnet.subnet2",
            "module.network.azurerm_subnet_network_security_group_association.subnet_association",
            "module.network.azurerm_subnet_network_security_group_association.subnet_association2",
            "module.network.azurerm_virtual_network.vnet",
            "module.resource_group.azurerm_resource_group.linux_rg2",
            "module.resource_group.azurerm_resource_group.rg2",
            "module.resource_group.azurerm_resource_group.win_rg2",
            "module.windows.azurerm_availability_set.windows_avs",
            "module.windows.azurerm_network_interface.windows_nic",
            "module.windows.azurerm_public_ip.windows_pip"
          ]
        },
        {
          "index_key": "terrafrom-w-vm2",
          "schema_version": 0,
          "attributes": {
            "additional_capabilities": [],
            "additional_unattend_content": [],
            "admin_password": "Password1010",
            "admin_username": "n01516507",
            "allow_extension_operations": true,
            "availability_set_id": "/subscriptions/18821dae-fb44-44a1-805a-e1edd2ef9b06/resourceGroups/rg2/providers/Microsoft.Compute/availabilitySets/WINDOWS-AVS",
            "boot_diagnostics": [],
            "computer_name": "terrafrom-w-vm2",
            "custom_data": null,
            "dedicated_host_id": "",
            "enable_automatic_updates": true,
            "encryption_at_host_enabled": false,
            "eviction_policy": "",
            "extensions_time_budget": "PT1H30M",
            "id": "/subscriptions/18821dae-fb44-44a1-805a-e1edd2ef9b06/resourceGroups/rg2/providers/Microsoft.Compute/virtualMachines/terrafrom-w-vm2",
            "identity": [],
            "license_type": "",
            "location": "canadaeast",
            "max_bid_price": -1,
            "name": "terrafrom-w-vm2",
            "network_interface_ids": [
              "/subscriptions/18821dae-fb44-44a1-805a-e1edd2ef9b06/resourceGroups/rg2/providers/Microsoft.Network/networkInterfaces/terrafrom-w-vm2-nic"
            ],
            "os_disk": [
              {
                "caching": "ReadWrite",
                "diff_disk_settings": [],
                "disk_encryption_set_id": "",
                "disk_size_gb": 127,
                "name": "terrafrom-w-vm2-os-disk",
                "storage_account_type": "StandardSSD_LRS",
                "write_accelerator_enabled": false
              }
            ],
            "patch_mode": "AutomaticByOS",
            "plan": [],
            "platform_fault_domain": -1,
            "priority": "Regular",
            "private_ip_address": "10.0.1.5",
            "private_ip_addresses": [
              "10.0.1.5"
            ],
            "provision_vm_agent": true,
            "proximity_placement_group_id": "",
            "public_ip_address": "40.86.253.52",
            "public_ip_addresses": [
              "40.86.253.52"
            ],
            "resource_group_name": "rg2",
            "secret": [],
            "secure_boot_enabled": false,
            "size": "Standard_B1s",
            "source_image_id": "",
            "source_image_reference": [
              {
                "offer": "WindowsServer",
                "publisher": "MicrosoftWindowsServer",
                "sku": "2016-Datacenter",
                "version": "latest"
              }
            ],
            "tags": {
              "ContactEmail": "n01516507@humber.ca",
              "Environment": "Lab",
              "Name": "Terraform-Class",
              "project": "Learing"
            },
            "timeouts": null,
            "timezone": "",
            "user_data": "",
            "virtual_machine_id": "2fa5460d-58b1-4a76-9e99-c1cba63f6312",
            "virtual_machine_scale_set_id": "",
            "vtpm_enabled": false,
            "winrm_listener": [
              {
                "certificate_url": "",
                "protocol": "Http"
              }
            ],
            "zone": ""
          },
          "sensitive_attributes": [],
          "private": "eyJlMmJmYjczMC1lY2FhLTExZTYtOGY4OC0zNDM2M2JjN2M0YzAiOnsiY3JlYXRlIjoyNzAwMDAwMDAwMDAwLCJkZWxldGUiOjI3MDAwMDAwMDAwMDAsInJlYWQiOjMwMDAwMDAwMDAwMCwidXBkYXRlIjoyNzAwMDAwMDAwMDAwfX0=",
          "dependencies": [
            "module.network.azurerm_network_security_group.nsg",
            "module.network.azurerm_network_security_group.nsg2",
            "module.network.azurerm_subnet.subnet",
            "module.network.azurerm_subnet.subnet2",
            "module.network.azurerm_subnet_network_security_group_association.subnet_association",
            "module.network.azurerm_subnet_network_security_group_association.subnet_association2",
            "module.network.azurerm_virtual_network.vnet",
            "module.resource_group.azurerm_resource_group.linux_rg2",
            "module.resource_group.azurerm_resource_group.rg2",
            "module.resource_group.azurerm_resource_group.win_rg2",
            "module.windows.azurerm_availability_set.windows_avs",
            "module.windows.azurerm_network_interface.windows_nic",
            "module.windows.azurerm_public_ip.windows_pip"
          ]
        }
      ]
    }
  ]
}
