{
  "version": 4,
  "terraform_version": "1.1.2",
  "serial": 773,
  "lineage": "6fa5f66f-27cc-d2b0-a529-9116eb8ece7c",
  "outputs": {
    "Linux_hostname": {
      "value": [
        [
          "lab03s2-db1-u-vm11",
          "lab03s2-db1-u-vm12"
        ]
      ],
      "type": [
        "tuple",
        [
          [
            "tuple",
            [
              "string",
              "string"
            ]
          ]
        ]
      ]
    },
    "Linux_private_ip_addresses": {
      "value": [
        "10.0.1.5",
        "10.0.1.4"
      ],
      "type": [
        "tuple",
        [
          "string",
          "string"
        ]
      ]
    },
    "Linux_public_ip_addresses": {
      "value": [
        [
          [
            "52.235.28.234"
          ],
          [
            "52.229.73.13"
          ]
        ]
      ],
      "type": [
        "tuple",
        [
          [
            "tuple",
            [
              [
                "list",
                "string"
              ],
              [
                "list",
                "string"
              ]
            ]
          ]
        ]
      ]
    },
    "Subnet_address1": {
      "value": [
        "10.0.1.0/24"
      ],
      "type": [
        "list",
        "string"
      ]
    },
    "Subnet_address2": {
      "value": [
        "10.0.2.0/24"
      ],
      "type": [
        "list",
        "string"
      ]
    },
    "Subnet_name1": {
      "value": "network-subnet01",
      "type": "string"
    },
    "Subnet_name2": {
      "value": "network-subnet02",
      "type": "string"
    },
    "Virtual_network_name": {
      "value": "network-vnet",
      "type": "string"
    },
    "address_space": {
      "value": [
        "10.0.0.0/16"
      ],
      "type": [
        "list",
        "string"
      ]
    },
    "fqdn": {
      "value": [
        "lab03s2-db1-u-vm11.canadaeast.cloudapp.azure.com",
        "lab03s2-db1-u-vm12.canadaeast.cloudapp.azure.com"
      ],
      "type": [
        "tuple",
        [
          "string",
          "string"
        ]
      ]
    }
  },
  "resources": [
    {
      "mode": "managed",
      "type": "azurerm_availability_set",
      "name": "linux_avs",
      "provider": "provider[\"registry.terraform.io/hashicorp/azurerm\"]",
      "instances": [
        {
          "schema_version": 0,
          "attributes": {
            "id": "/subscriptions/18821dae-fb44-44a1-805a-e1edd2ef9b06/resourceGroups/terraformrg/providers/Microsoft.Compute/availabilitySets/linux_avs",
            "location": "canadaeast",
            "managed": true,
            "name": "linux_avs",
            "platform_fault_domain_count": 2,
            "platform_update_domain_count": 5,
            "proximity_placement_group_id": null,
            "resource_group_name": "terraformrg",
            "tags": null,
            "timeouts": null
          },
          "sensitive_attributes": [],
          "private": "eyJlMmJmYjczMC1lY2FhLTExZTYtOGY4OC0zNDM2M2JjN2M0YzAiOnsiY3JlYXRlIjoxODAwMDAwMDAwMDAwLCJkZWxldGUiOjE4MDAwMDAwMDAwMDAsInJlYWQiOjMwMDAwMDAwMDAwMCwidXBkYXRlIjoxODAwMDAwMDAwMDAwfX0=",
          "dependencies": [
            "azurerm_resource_group.rg2"
          ]
        }
      ]
    },
    {
      "mode": "managed",
      "type": "azurerm_linux_virtual_machine",
      "name": "vmlinux",
      "provider": "provider[\"registry.terraform.io/hashicorp/azurerm\"]",
      "instances": [
        {
          "index_key": 0,
          "schema_version": 0,
          "attributes": {
            "additional_capabilities": [],
            "admin_password": null,
            "admin_ssh_key": [
              {
                "public_key": "ssh-rsa AAAAB3NzaC1yc2EAAAADAQABAAABgQDEPzl/tq8YsqFxD83K9leU5Pca6duxqLi8DVjWc2sMDt7W/73BTlQDdWsGRDge7kvHH23PzQlDXnD8WMbAR7PTA8yqNs837FIjQIAXW0xlPIy1+3mEaIRXMHfp4n+oykjHzHjukG8qFPt5aE4oj92mtfMu/VDINjr56WzDvIgTlY5UuXQO5lkTpnYQVzAaBrtK9A3akQ92+ez+YMlRv3Dw8Ztx+4trim3suwBYfesR4UzqizLXIRC2K33t/Ixv0WUwwTW6pf9WPYLhRRQxMX/4he6ll0srTI0Np32qWOs+uuDPmr6ztc/Y5bSY355tQ3WEm03S8Nk1ppeu5MI0r8xUDEIorwI2vOHKXHRpDxHMerwtUmWxZF7KkNnkZfaCdbaCd5LGXOedIuMZvD1PY+jCXqNbJoTIhrGqQz01r2kVvZWlNpe+6wPNf5Q9ac4CBJNI9S+GzRShb03oiMt9I6TxMlX0aXZW0vemYmjUDlGdqkUlAh/l5ICEXzc8Y2iLT9s= n01516507@N01516507-vm1\n",
                "username": "n01516507"
              }
            ],
            "admin_username": "n01516507",
            "allow_extension_operations": true,
            "availability_set_id": "/subscriptions/18821dae-fb44-44a1-805a-e1edd2ef9b06/resourceGroups/terraformrg/providers/Microsoft.Compute/availabilitySets/LINUX_AVS",
            "boot_diagnostics": [],
            "computer_name": "lab03s2-db1-u-vm11",
            "custom_data": null,
            "dedicated_host_id": "",
            "disable_password_authentication": true,
            "encryption_at_host_enabled": false,
            "eviction_policy": "",
            "extensions_time_budget": "PT1H30M",
            "id": "/subscriptions/18821dae-fb44-44a1-805a-e1edd2ef9b06/resourceGroups/terraformrg/providers/Microsoft.Compute/virtualMachines/lab03s2-db1-u-vm11",
            "identity": [],
            "license_type": "",
            "location": "canadaeast",
            "max_bid_price": -1,
            "name": "lab03s2-db1-u-vm11",
            "network_interface_ids": [
              "/subscriptions/18821dae-fb44-44a1-805a-e1edd2ef9b06/resourceGroups/terraformrg/providers/Microsoft.Network/networkInterfaces/lab03s2-db1-u-vm1-nic2"
            ],
            "os_disk": [
              {
                "caching": "ReadWrite",
                "diff_disk_settings": [],
                "disk_encryption_set_id": "",
                "disk_size_gb": 32,
                "name": "lab03s2-db1-u-vm1-os-disk1",
                "storage_account_type": "Premium_LRS",
                "write_accelerator_enabled": false
              }
            ],
            "patch_mode": "ImageDefault",
            "plan": [],
            "platform_fault_domain": -1,
            "priority": "Regular",
            "private_ip_address": "10.0.1.5",
            "private_ip_addresses": [
              "10.0.1.5"
            ],
            "provision_vm_agent": true,
            "proximity_placement_group_id": "",
            "public_ip_address": "52.235.28.234",
            "public_ip_addresses": [
              "52.235.28.234"
            ],
            "resource_group_name": "terraformrg",
            "secret": [],
            "secure_boot_enabled": false,
            "size": "Standard_B1s",
            "source_image_id": "",
            "source_image_reference": [
              {
                "offer": "UbuntuServer",
                "publisher": "Canonical",
                "sku": "19.04",
                "version": "latest"
              }
            ],
            "tags": {
              "ContactEmail": "n01516507@humber.ca",
              "Environment": "Lab",
              "Name": "Terraform-Class",
              "project": "Learing"
            },
            "timeouts": null,
            "user_data": "",
            "virtual_machine_id": "c9fa7809-6e0d-443a-82e3-72cef8b2caa1",
            "virtual_machine_scale_set_id": "",
            "vtpm_enabled": false,
            "zone": ""
          },
          "sensitive_attributes": [],
          "private": "eyJlMmJmYjczMC1lY2FhLTExZTYtOGY4OC0zNDM2M2JjN2M0YzAiOnsiY3JlYXRlIjoyNzAwMDAwMDAwMDAwLCJkZWxldGUiOjI3MDAwMDAwMDAwMDAsInJlYWQiOjMwMDAwMDAwMDAwMCwidXBkYXRlIjoyNzAwMDAwMDAwMDAwfX0=",
          "dependencies": [
            "azurerm_availability_set.linux_avs",
            "azurerm_network_interface.linux_nic",
            "azurerm_network_security_group.nsg",
            "azurerm_public_ip.linux_pip",
            "azurerm_resource_group.rg2",
            "azurerm_subnet.subnet",
            "azurerm_subnet_network_security_group_association.subnet_association",
            "azurerm_virtual_network.vnet"
          ]
        },
        {
          "index_key": 1,
          "schema_version": 0,
          "attributes": {
            "additional_capabilities": [],
            "admin_password": null,
            "admin_ssh_key": [
              {
                "public_key": "ssh-rsa AAAAB3NzaC1yc2EAAAADAQABAAABgQDEPzl/tq8YsqFxD83K9leU5Pca6duxqLi8DVjWc2sMDt7W/73BTlQDdWsGRDge7kvHH23PzQlDXnD8WMbAR7PTA8yqNs837FIjQIAXW0xlPIy1+3mEaIRXMHfp4n+oykjHzHjukG8qFPt5aE4oj92mtfMu/VDINjr56WzDvIgTlY5UuXQO5lkTpnYQVzAaBrtK9A3akQ92+ez+YMlRv3Dw8Ztx+4trim3suwBYfesR4UzqizLXIRC2K33t/Ixv0WUwwTW6pf9WPYLhRRQxMX/4he6ll0srTI0Np32qWOs+uuDPmr6ztc/Y5bSY355tQ3WEm03S8Nk1ppeu5MI0r8xUDEIorwI2vOHKXHRpDxHMerwtUmWxZF7KkNnkZfaCdbaCd5LGXOedIuMZvD1PY+jCXqNbJoTIhrGqQz01r2kVvZWlNpe+6wPNf5Q9ac4CBJNI9S+GzRShb03oiMt9I6TxMlX0aXZW0vemYmjUDlGdqkUlAh/l5ICEXzc8Y2iLT9s= n01516507@N01516507-vm1\n",
                "username": "n01516507"
              }
            ],
            "admin_username": "n01516507",
            "allow_extension_operations": true,
            "availability_set_id": "/subscriptions/18821dae-fb44-44a1-805a-e1edd2ef9b06/resourceGroups/terraformrg/providers/Microsoft.Compute/availabilitySets/LINUX_AVS",
            "boot_diagnostics": [],
            "computer_name": "lab03s2-db1-u-vm12",
            "custom_data": null,
            "dedicated_host_id": "",
            "disable_password_authentication": true,
            "encryption_at_host_enabled": false,
            "eviction_policy": "",
            "extensions_time_budget": "PT1H30M",
            "id": "/subscriptions/18821dae-fb44-44a1-805a-e1edd2ef9b06/resourceGroups/terraformrg/providers/Microsoft.Compute/virtualMachines/lab03s2-db1-u-vm12",
            "identity": [],
            "license_type": "",
            "location": "canadaeast",
            "max_bid_price": -1,
            "name": "lab03s2-db1-u-vm12",
            "network_interface_ids": [
              "/subscriptions/18821dae-fb44-44a1-805a-e1edd2ef9b06/resourceGroups/terraformrg/providers/Microsoft.Network/networkInterfaces/lab03s2-db1-u-vm1-nic1"
            ],
            "os_disk": [
              {
                "caching": "ReadWrite",
                "diff_disk_settings": [],
                "disk_encryption_set_id": "",
                "disk_size_gb": 32,
                "name": "lab03s2-db1-u-vm1-os-disk2",
                "storage_account_type": "Premium_LRS",
                "write_accelerator_enabled": false
              }
            ],
            "patch_mode": "ImageDefault",
            "plan": [],
            "platform_fault_domain": -1,
            "priority": "Regular",
            "private_ip_address": "10.0.1.4",
            "private_ip_addresses": [
              "10.0.1.4"
            ],
            "provision_vm_agent": true,
            "proximity_placement_group_id": "",
            "public_ip_address": "52.229.73.13",
            "public_ip_addresses": [
              "52.229.73.13"
            ],
            "resource_group_name": "terraformrg",
            "secret": [],
            "secure_boot_enabled": false,
            "size": "Standard_B1s",
            "source_image_id": "",
            "source_image_reference": [
              {
                "offer": "UbuntuServer",
                "publisher": "Canonical",
                "sku": "19.04",
                "version": "latest"
              }
            ],
            "tags": {
              "ContactEmail": "n01516507@humber.ca",
              "Environment": "Lab",
              "Name": "Terraform-Class",
              "project": "Learing"
            },
            "timeouts": null,
            "user_data": "",
            "virtual_machine_id": "4d399cd4-d8a7-4bef-aab0-f78edb16ed4d",
            "virtual_machine_scale_set_id": "",
            "vtpm_enabled": false,
            "zone": ""
          },
          "sensitive_attributes": [],
          "private": "eyJlMmJmYjczMC1lY2FhLTExZTYtOGY4OC0zNDM2M2JjN2M0YzAiOnsiY3JlYXRlIjoyNzAwMDAwMDAwMDAwLCJkZWxldGUiOjI3MDAwMDAwMDAwMDAsInJlYWQiOjMwMDAwMDAwMDAwMCwidXBkYXRlIjoyNzAwMDAwMDAwMDAwfX0=",
          "dependencies": [
            "azurerm_availability_set.linux_avs",
            "azurerm_network_interface.linux_nic",
            "azurerm_network_security_group.nsg",
            "azurerm_public_ip.linux_pip",
            "azurerm_resource_group.rg2",
            "azurerm_subnet.subnet",
            "azurerm_subnet_network_security_group_association.subnet_association",
            "azurerm_virtual_network.vnet"
          ]
        }
      ]
    },
    {
      "mode": "managed",
      "type": "azurerm_network_interface",
      "name": "linux_nic",
      "provider": "provider[\"registry.terraform.io/hashicorp/azurerm\"]",
      "instances": [
        {
          "index_key": 0,
          "schema_version": 0,
          "attributes": {
            "applied_dns_servers": [],
            "dns_servers": [],
            "enable_accelerated_networking": false,
            "enable_ip_forwarding": false,
            "id": "/subscriptions/18821dae-fb44-44a1-805a-e1edd2ef9b06/resourceGroups/terraformrg/providers/Microsoft.Network/networkInterfaces/lab03s2-db1-u-vm1-nic1",
            "internal_dns_name_label": "",
            "internal_domain_name_suffix": "m3yfemnzmd0u5huaqy2tmf5z3b.vx.internal.cloudapp.net",
            "ip_configuration": [
              {
                "gateway_load_balancer_frontend_ip_configuration_id": "",
                "name": "lab03s2-db1-u-vm1-ipconfig11",
                "primary": true,
                "private_ip_address": "10.0.1.4",
                "private_ip_address_allocation": "Dynamic",
                "private_ip_address_version": "IPv4",
                "public_ip_address_id": "/subscriptions/18821dae-fb44-44a1-805a-e1edd2ef9b06/resourceGroups/terraformrg/providers/Microsoft.Network/publicIPAddresses/lab03s2-db1-u-vm1-pip2",
                "subnet_id": "/subscriptions/18821dae-fb44-44a1-805a-e1edd2ef9b06/resourceGroups/terraformrg/providers/Microsoft.Network/virtualNetworks/network-vnet/subnets/network-subnet01"
              }
            ],
            "location": "canadaeast",
            "mac_address": "",
            "name": "lab03s2-db1-u-vm1-nic1",
            "private_ip_address": "10.0.1.4",
            "private_ip_addresses": [
              "10.0.1.4"
            ],
            "resource_group_name": "terraformrg",
            "tags": {
              "ContactEmail": "n01516507@humber.ca",
              "Environment": "Lab",
              "Name": "Terraform-Class",
              "project": "Learing"
            },
            "timeouts": null,
            "virtual_machine_id": ""
          },
          "sensitive_attributes": [],
          "private": "eyJlMmJmYjczMC1lY2FhLTExZTYtOGY4OC0zNDM2M2JjN2M0YzAiOnsiY3JlYXRlIjoxODAwMDAwMDAwMDAwLCJkZWxldGUiOjE4MDAwMDAwMDAwMDAsInJlYWQiOjMwMDAwMDAwMDAwMCwidXBkYXRlIjoxODAwMDAwMDAwMDAwfX0=",
          "dependencies": [
            "azurerm_network_security_group.nsg",
            "azurerm_public_ip.linux_pip",
            "azurerm_resource_group.rg2",
            "azurerm_subnet.subnet",
            "azurerm_subnet_network_security_group_association.subnet_association",
            "azurerm_virtual_network.vnet"
          ]
        },
        {
          "index_key": 1,
          "schema_version": 0,
          "attributes": {
            "applied_dns_servers": [],
            "dns_servers": [],
            "enable_accelerated_networking": false,
            "enable_ip_forwarding": false,
            "id": "/subscriptions/18821dae-fb44-44a1-805a-e1edd2ef9b06/resourceGroups/terraformrg/providers/Microsoft.Network/networkInterfaces/lab03s2-db1-u-vm1-nic2",
            "internal_dns_name_label": "",
            "internal_domain_name_suffix": "m3yfemnzmd0u5huaqy2tmf5z3b.vx.internal.cloudapp.net",
            "ip_configuration": [
              {
                "gateway_load_balancer_frontend_ip_configuration_id": "",
                "name": "lab03s2-db1-u-vm1-ipconfig12",
                "primary": true,
                "private_ip_address": "10.0.1.5",
                "private_ip_address_allocation": "Dynamic",
                "private_ip_address_version": "IPv4",
                "public_ip_address_id": "/subscriptions/18821dae-fb44-44a1-805a-e1edd2ef9b06/resourceGroups/terraformrg/providers/Microsoft.Network/publicIPAddresses/lab03s2-db1-u-vm1-pip1",
                "subnet_id": "/subscriptions/18821dae-fb44-44a1-805a-e1edd2ef9b06/resourceGroups/terraformrg/providers/Microsoft.Network/virtualNetworks/network-vnet/subnets/network-subnet01"
              }
            ],
            "location": "canadaeast",
            "mac_address": "",
            "name": "lab03s2-db1-u-vm1-nic2",
            "private_ip_address": "10.0.1.5",
            "private_ip_addresses": [
              "10.0.1.5"
            ],
            "resource_group_name": "terraformrg",
            "tags": {
              "ContactEmail": "n01516507@humber.ca",
              "Environment": "Lab",
              "Name": "Terraform-Class",
              "project": "Learing"
            },
            "timeouts": null,
            "virtual_machine_id": ""
          },
          "sensitive_attributes": [],
          "private": "eyJlMmJmYjczMC1lY2FhLTExZTYtOGY4OC0zNDM2M2JjN2M0YzAiOnsiY3JlYXRlIjoxODAwMDAwMDAwMDAwLCJkZWxldGUiOjE4MDAwMDAwMDAwMDAsInJlYWQiOjMwMDAwMDAwMDAwMCwidXBkYXRlIjoxODAwMDAwMDAwMDAwfX0=",
          "dependencies": [
            "azurerm_network_security_group.nsg",
            "azurerm_public_ip.linux_pip",
            "azurerm_resource_group.rg2",
            "azurerm_subnet.subnet",
            "azurerm_subnet_network_security_group_association.subnet_association",
            "azurerm_virtual_network.vnet"
          ]
        }
      ]
    },
    {
      "mode": "managed",
      "type": "azurerm_network_security_group",
      "name": "nsg",
      "provider": "provider[\"registry.terraform.io/hashicorp/azurerm\"]",
      "instances": [
        {
          "schema_version": 0,
          "attributes": {
            "id": "/subscriptions/18821dae-fb44-44a1-805a-e1edd2ef9b06/resourceGroups/terraformrg/providers/Microsoft.Network/networkSecurityGroups/Network-nsg1",
            "location": "canadaeast",
            "name": "Network-nsg1",
            "resource_group_name": "terraformrg",
            "security_rule": [
              {
                "access": "Allow",
                "description": "",
                "destination_address_prefix": "*",
                "destination_address_prefixes": [],
                "destination_application_security_group_ids": [],
                "destination_port_range": "22",
                "destination_port_ranges": [],
                "direction": "inbound",
                "name": "rule1",
                "priority": 100,
                "protocol": "Tcp",
                "source_address_prefix": "*",
                "source_address_prefixes": [],
                "source_application_security_group_ids": [],
                "source_port_range": "*",
                "source_port_ranges": []
              }
            ],
            "tags": null,
            "timeouts": null
          },
          "sensitive_attributes": [],
          "private": "eyJlMmJmYjczMC1lY2FhLTExZTYtOGY4OC0zNDM2M2JjN2M0YzAiOnsiY3JlYXRlIjoxODAwMDAwMDAwMDAwLCJkZWxldGUiOjE4MDAwMDAwMDAwMDAsInJlYWQiOjMwMDAwMDAwMDAwMCwidXBkYXRlIjoxODAwMDAwMDAwMDAwfX0=",
          "dependencies": [
            "azurerm_resource_group.rg2"
          ]
        }
      ]
    },
    {
      "mode": "managed",
      "type": "azurerm_network_security_group",
      "name": "nsg2",
      "provider": "provider[\"registry.terraform.io/hashicorp/azurerm\"]",
      "instances": [
        {
          "schema_version": 0,
          "attributes": {
            "id": "/subscriptions/18821dae-fb44-44a1-805a-e1edd2ef9b06/resourceGroups/terraformrg/providers/Microsoft.Network/networkSecurityGroups/Network-nsg2",
            "location": "canadaeast",
            "name": "Network-nsg2",
            "resource_group_name": "terraformrg",
            "security_rule": [
              {
                "access": "Allow",
                "description": "",
                "destination_address_prefix": "*",
                "destination_address_prefixes": [],
                "destination_application_security_group_ids": [],
                "destination_port_range": "3389",
                "destination_port_ranges": [],
                "direction": "inbound",
                "name": "rule1",
                "priority": 100,
                "protocol": "Tcp",
                "source_address_prefix": "*",
                "source_address_prefixes": [],
                "source_application_security_group_ids": [],
                "source_port_range": "*",
                "source_port_ranges": []
              },
              {
                "access": "Allow",
                "description": "",
                "destination_address_prefix": "*",
                "destination_address_prefixes": [],
                "destination_application_security_group_ids": [],
                "destination_port_range": "5985",
                "destination_port_ranges": [],
                "direction": "inbound",
                "name": "rule2",
                "priority": 200,
                "protocol": "Tcp",
                "source_address_prefix": "*",
                "source_address_prefixes": [],
                "source_application_security_group_ids": [],
                "source_port_range": "*",
                "source_port_ranges": []
              }
            ],
            "tags": null,
            "timeouts": null
          },
          "sensitive_attributes": [],
          "private": "eyJlMmJmYjczMC1lY2FhLTExZTYtOGY4OC0zNDM2M2JjN2M0YzAiOnsiY3JlYXRlIjoxODAwMDAwMDAwMDAwLCJkZWxldGUiOjE4MDAwMDAwMDAwMDAsInJlYWQiOjMwMDAwMDAwMDAwMCwidXBkYXRlIjoxODAwMDAwMDAwMDAwfX0=",
          "dependencies": [
            "azurerm_resource_group.rg2"
          ]
        }
      ]
    },
    {
      "mode": "managed",
      "type": "azurerm_public_ip",
      "name": "linux_pip",
      "provider": "provider[\"registry.terraform.io/hashicorp/azurerm\"]",
      "instances": [
        {
          "index_key": 0,
          "schema_version": 0,
          "attributes": {
            "allocation_method": "Dynamic",
            "availability_zone": "No-Zone",
            "domain_name_label": "lab03s2-db1-u-vm11",
            "fqdn": "lab03s2-db1-u-vm11.canadaeast.cloudapp.azure.com",
            "id": "/subscriptions/18821dae-fb44-44a1-805a-e1edd2ef9b06/resourceGroups/terraformrg/providers/Microsoft.Network/publicIPAddresses/lab03s2-db1-u-vm1-pip1",
            "idle_timeout_in_minutes": 4,
            "ip_address": "",
            "ip_tags": null,
            "ip_version": "IPv4",
            "location": "canadaeast",
            "name": "lab03s2-db1-u-vm1-pip1",
            "public_ip_prefix_id": null,
            "resource_group_name": "terraformrg",
            "reverse_fqdn": "",
            "sku": "Basic",
            "sku_tier": "Regional",
            "tags": {
              "ContactEmail": "n01516507@humber.ca",
              "Environment": "Lab",
              "Name": "Terraform-Class",
              "project": "Learing"
            },
            "timeouts": null,
            "zones": []
          },
          "sensitive_attributes": [],
          "private": "eyJlMmJmYjczMC1lY2FhLTExZTYtOGY4OC0zNDM2M2JjN2M0YzAiOnsiY3JlYXRlIjoxODAwMDAwMDAwMDAwLCJkZWxldGUiOjE4MDAwMDAwMDAwMDAsInJlYWQiOjMwMDAwMDAwMDAwMCwidXBkYXRlIjoxODAwMDAwMDAwMDAwfX0=",
          "dependencies": [
            "azurerm_resource_group.rg2"
          ]
        },
        {
          "index_key": 1,
          "schema_version": 0,
          "attributes": {
            "allocation_method": "Dynamic",
            "availability_zone": "No-Zone",
            "domain_name_label": "lab03s2-db1-u-vm12",
            "fqdn": "lab03s2-db1-u-vm12.canadaeast.cloudapp.azure.com",
            "id": "/subscriptions/18821dae-fb44-44a1-805a-e1edd2ef9b06/resourceGroups/terraformrg/providers/Microsoft.Network/publicIPAddresses/lab03s2-db1-u-vm1-pip2",
            "idle_timeout_in_minutes": 4,
            "ip_address": "",
            "ip_tags": null,
            "ip_version": "IPv4",
            "location": "canadaeast",
            "name": "lab03s2-db1-u-vm1-pip2",
            "public_ip_prefix_id": null,
            "resource_group_name": "terraformrg",
            "reverse_fqdn": "",
            "sku": "Basic",
            "sku_tier": "Regional",
            "tags": {
              "ContactEmail": "n01516507@humber.ca",
              "Environment": "Lab",
              "Name": "Terraform-Class",
              "project": "Learing"
            },
            "timeouts": null,
            "zones": []
          },
          "sensitive_attributes": [],
          "private": "eyJlMmJmYjczMC1lY2FhLTExZTYtOGY4OC0zNDM2M2JjN2M0YzAiOnsiY3JlYXRlIjoxODAwMDAwMDAwMDAwLCJkZWxldGUiOjE4MDAwMDAwMDAwMDAsInJlYWQiOjMwMDAwMDAwMDAwMCwidXBkYXRlIjoxODAwMDAwMDAwMDAwfX0=",
          "dependencies": [
            "azurerm_resource_group.rg2"
          ]
        }
      ]
    },
    {
      "mode": "managed",
      "type": "azurerm_resource_group",
      "name": "rg2",
      "provider": "provider[\"registry.terraform.io/hashicorp/azurerm\"]",
      "instances": [
        {
          "schema_version": 0,
          "attributes": {
            "id": "/subscriptions/18821dae-fb44-44a1-805a-e1edd2ef9b06/resourceGroups/terraformrg",
            "location": "canadaeast",
            "name": "terraformrg",
            "tags": null,
            "timeouts": null
          },
          "sensitive_attributes": [],
          "private": "eyJlMmJmYjczMC1lY2FhLTExZTYtOGY4OC0zNDM2M2JjN2M0YzAiOnsiY3JlYXRlIjo1NDAwMDAwMDAwMDAwLCJkZWxldGUiOjU0MDAwMDAwMDAwMDAsInJlYWQiOjMwMDAwMDAwMDAwMCwidXBkYXRlIjo1NDAwMDAwMDAwMDAwfX0="
        }
      ]
    },
    {
      "mode": "managed",
      "type": "azurerm_subnet",
      "name": "subnet",
      "provider": "provider[\"registry.terraform.io/hashicorp/azurerm\"]",
      "instances": [
        {
          "schema_version": 0,
          "attributes": {
            "address_prefix": "10.0.1.0/24",
            "address_prefixes": [
              "10.0.1.0/24"
            ],
            "delegation": [],
            "enforce_private_link_endpoint_network_policies": false,
            "enforce_private_link_service_network_policies": false,
            "id": "/subscriptions/18821dae-fb44-44a1-805a-e1edd2ef9b06/resourceGroups/terraformrg/providers/Microsoft.Network/virtualNetworks/network-vnet/subnets/network-subnet01",
            "name": "network-subnet01",
            "resource_group_name": "terraformrg",
            "service_endpoint_policy_ids": null,
            "service_endpoints": null,
            "timeouts": null,
            "virtual_network_name": "network-vnet"
          },
          "sensitive_attributes": [],
          "private": "eyJlMmJmYjczMC1lY2FhLTExZTYtOGY4OC0zNDM2M2JjN2M0YzAiOnsiY3JlYXRlIjoxODAwMDAwMDAwMDAwLCJkZWxldGUiOjE4MDAwMDAwMDAwMDAsInJlYWQiOjMwMDAwMDAwMDAwMCwidXBkYXRlIjoxODAwMDAwMDAwMDAwfX0=",
          "dependencies": [
            "azurerm_resource_group.rg2",
            "azurerm_virtual_network.vnet"
          ]
        }
      ]
    },
    {
      "mode": "managed",
      "type": "azurerm_subnet",
      "name": "subnet2",
      "provider": "provider[\"registry.terraform.io/hashicorp/azurerm\"]",
      "instances": [
        {
          "schema_version": 0,
          "attributes": {
            "address_prefix": "10.0.2.0/24",
            "address_prefixes": [
              "10.0.2.0/24"
            ],
            "delegation": [],
            "enforce_private_link_endpoint_network_policies": false,
            "enforce_private_link_service_network_policies": false,
            "id": "/subscriptions/18821dae-fb44-44a1-805a-e1edd2ef9b06/resourceGroups/terraformrg/providers/Microsoft.Network/virtualNetworks/network-vnet/subnets/network-subnet02",
            "name": "network-subnet02",
            "resource_group_name": "terraformrg",
            "service_endpoint_policy_ids": null,
            "service_endpoints": null,
            "timeouts": null,
            "virtual_network_name": "network-vnet"
          },
          "sensitive_attributes": [],
          "private": "eyJlMmJmYjczMC1lY2FhLTExZTYtOGY4OC0zNDM2M2JjN2M0YzAiOnsiY3JlYXRlIjoxODAwMDAwMDAwMDAwLCJkZWxldGUiOjE4MDAwMDAwMDAwMDAsInJlYWQiOjMwMDAwMDAwMDAwMCwidXBkYXRlIjoxODAwMDAwMDAwMDAwfX0=",
          "dependencies": [
            "azurerm_resource_group.rg2",
            "azurerm_virtual_network.vnet"
          ]
        }
      ]
    },
    {
      "mode": "managed",
      "type": "azurerm_subnet_network_security_group_association",
      "name": "subnet_association",
      "provider": "provider[\"registry.terraform.io/hashicorp/azurerm\"]",
      "instances": [
        {
          "schema_version": 0,
          "attributes": {
            "id": "/subscriptions/18821dae-fb44-44a1-805a-e1edd2ef9b06/resourceGroups/terraformrg/providers/Microsoft.Network/virtualNetworks/network-vnet/subnets/network-subnet01",
            "network_security_group_id": "/subscriptions/18821dae-fb44-44a1-805a-e1edd2ef9b06/resourceGroups/terraformrg/providers/Microsoft.Network/networkSecurityGroups/Network-nsg1",
            "subnet_id": "/subscriptions/18821dae-fb44-44a1-805a-e1edd2ef9b06/resourceGroups/terraformrg/providers/Microsoft.Network/virtualNetworks/network-vnet/subnets/network-subnet01",
            "timeouts": null
          },
          "sensitive_attributes": [],
          "private": "eyJlMmJmYjczMC1lY2FhLTExZTYtOGY4OC0zNDM2M2JjN2M0YzAiOnsiY3JlYXRlIjoxODAwMDAwMDAwMDAwLCJkZWxldGUiOjE4MDAwMDAwMDAwMDAsInJlYWQiOjMwMDAwMDAwMDAwMCwidXBkYXRlIjoxODAwMDAwMDAwMDAwfX0=",
          "dependencies": [
            "azurerm_network_security_group.nsg",
            "azurerm_resource_group.rg2",
            "azurerm_subnet.subnet",
            "azurerm_virtual_network.vnet"
          ]
        }
      ]
    },
    {
      "mode": "managed",
      "type": "azurerm_subnet_network_security_group_association",
      "name": "subnet_association2",
      "provider": "provider[\"registry.terraform.io/hashicorp/azurerm\"]",
      "instances": [
        {
          "schema_version": 0,
          "attributes": {
            "id": "/subscriptions/18821dae-fb44-44a1-805a-e1edd2ef9b06/resourceGroups/terraformrg/providers/Microsoft.Network/virtualNetworks/network-vnet/subnets/network-subnet02",
            "network_security_group_id": "/subscriptions/18821dae-fb44-44a1-805a-e1edd2ef9b06/resourceGroups/terraformrg/providers/Microsoft.Network/networkSecurityGroups/Network-nsg2",
            "subnet_id": "/subscriptions/18821dae-fb44-44a1-805a-e1edd2ef9b06/resourceGroups/terraformrg/providers/Microsoft.Network/virtualNetworks/network-vnet/subnets/network-subnet02",
            "timeouts": null
          },
          "sensitive_attributes": [],
          "private": "eyJlMmJmYjczMC1lY2FhLTExZTYtOGY4OC0zNDM2M2JjN2M0YzAiOnsiY3JlYXRlIjoxODAwMDAwMDAwMDAwLCJkZWxldGUiOjE4MDAwMDAwMDAwMDAsInJlYWQiOjMwMDAwMDAwMDAwMCwidXBkYXRlIjoxODAwMDAwMDAwMDAwfX0=",
          "dependencies": [
            "azurerm_network_security_group.nsg2",
            "azurerm_resource_group.rg2",
            "azurerm_subnet.subnet2",
            "azurerm_virtual_network.vnet"
          ]
        }
      ]
    },
    {
      "mode": "managed",
      "type": "azurerm_virtual_network",
      "name": "vnet",
      "provider": "provider[\"registry.terraform.io/hashicorp/azurerm\"]",
      "instances": [
        {
          "schema_version": 0,
          "attributes": {
            "address_space": [
              "10.0.0.0/16"
            ],
            "bgp_community": "",
            "ddos_protection_plan": [],
            "dns_servers": [],
            "flow_timeout_in_minutes": 0,
            "guid": "31527067-60b9-4ff5-9e80-86393617f9e9",
            "id": "/subscriptions/18821dae-fb44-44a1-805a-e1edd2ef9b06/resourceGroups/terraformrg/providers/Microsoft.Network/virtualNetworks/network-vnet",
            "location": "canadaeast",
            "name": "network-vnet",
            "resource_group_name": "terraformrg",
            "subnet": [],
            "tags": null,
            "timeouts": null,
            "vm_protection_enabled": false
          },
          "sensitive_attributes": [],
          "private": "eyJlMmJmYjczMC1lY2FhLTExZTYtOGY4OC0zNDM2M2JjN2M0YzAiOnsiY3JlYXRlIjoxODAwMDAwMDAwMDAwLCJkZWxldGUiOjE4MDAwMDAwMDAwMDAsInJlYWQiOjMwMDAwMDAwMDAwMCwidXBkYXRlIjoxODAwMDAwMDAwMDAwfX0=",
          "dependencies": [
            "azurerm_resource_group.rg2"
          ]
        }
      ]
    },
    {
      "mode": "managed",
      "type": "null_resource",
      "name": "linux_provisioner",
      "provider": "provider[\"registry.terraform.io/hashicorp/null\"]",
      "instances": [
        {
          "index_key": 0,
          "schema_version": 0,
          "attributes": {
            "id": "8295506284207982012",
            "triggers": null
          },
          "sensitive_attributes": [],
          "private": "bnVsbA==",
          "dependencies": [
            "azurerm_availability_set.linux_avs",
            "azurerm_linux_virtual_machine.vmlinux",
            "azurerm_network_interface.linux_nic",
            "azurerm_network_security_group.nsg",
            "azurerm_public_ip.linux_pip",
            "azurerm_resource_group.rg2",
            "azurerm_subnet.subnet",
            "azurerm_subnet_network_security_group_association.subnet_association",
            "azurerm_virtual_network.vnet"
          ]
        },
        {
          "index_key": 1,
          "schema_version": 0,
          "attributes": {
            "id": "1018063313347070256",
            "triggers": null
          },
          "sensitive_attributes": [],
          "private": "bnVsbA==",
          "dependencies": [
            "azurerm_availability_set.linux_avs",
            "azurerm_linux_virtual_machine.vmlinux",
            "azurerm_network_interface.linux_nic",
            "azurerm_network_security_group.nsg",
            "azurerm_public_ip.linux_pip",
            "azurerm_resource_group.rg2",
            "azurerm_subnet.subnet",
            "azurerm_subnet_network_security_group_association.subnet_association",
            "azurerm_virtual_network.vnet"
          ]
        }
      ]
    }
  ]
}
